
Microsoft Visual Studio Solution File, Format Version 12.00
Project("{FAE04EC0-301F-11D3-BF4B-00C04F79EFBC}") = "SalesFlow.Infrastructure", "SalesFlow.Infrastructure\SalesFlow.Infrastructure.csproj", "{EBCD2A09-7EC0-4D81-BEFC-39534206667F}"
EndProject
Global
	GlobalSection(SolutionConfigurationPlatforms) = preSolution
		Debug|Any CPU = Debug|Any CPU
		Release|Any CPU = Release|Any CPU
	EndGlobalSection
	GlobalSection(ProjectConfigurationPlatforms) = postSolution
		{EBCD2A09-7EC0-4D81-BEFC-39534206667F}.Debug|Any CPU.ActiveCfg = Debug|Any CPU
		{EBCD2A09-7EC0-4D81-BEFC-39534206667F}.Debug|Any CPU.Build.0 = Debug|Any CPU
		{EBCD2A09-7EC0-4D81-BEFC-39534206667F}.Release|Any CPU.ActiveCfg = Release|Any CPU
		{EBCD2A09-7EC0-4D81-BEFC-39534206667F}.Release|Any CPU.Build.0 = Release|Any CPU
	EndGlobalSection
EndGlobal
